
Microsoft Visual Studio Solution File, Format Version 12.00
# Visual Studio Version 16
VisualStudioVersion = 16.0.30204.135
MinimumVisualStudioVersion = 10.0.40219.1
Project("{FAE04EC0-301F-11D3-BF4B-00C04F79EFBC}") = "AsyncLab", "AsyncLab\AsyncLab.csproj", "{3CD8AC5E-61B7-4E03-B093-7C303DE05FCF}"
EndProject
Global
	GlobalSection(SolutionConfigurationPlatforms) = preSolution
		Debug|Any CPU = Debug|Any CPU
		Release|Any CPU = Release|Any CPU
	EndGlobalSection
	GlobalSection(ProjectConfigurationPlatforms) = postSolution
		{3CD8AC5E-61B7-4E03-B093-7C303DE05FCF}.Debug|Any CPU.ActiveCfg = Debug|Any CPU
		{3CD8AC5E-61B7-4E03-B093-7C303DE05FCF}.Debug|Any CPU.Build.0 = Debug|Any CPU
		{3CD8AC5E-61B7-4E03-B093-7C303DE05FCF}.Release|Any CPU.ActiveCfg = Release|Any CPU
		{3CD8AC5E-61B7-4E03-B093-7C303DE05FCF}.Release|Any CPU.Build.0 = Release|Any CPU
	EndGlobalSection
	GlobalSection(SolutionProperties) = preSolution
		HideSolutionNode = FALSE
	EndGlobalSection
	GlobalSection(ExtensibilityGlobals) = postSolution
		SolutionGuid = {8AA73D9F-87D4-44AD-8BC6-5498D24AAEB3}
	EndGlobalSection
EndGlobal
